
Microsoft Visual Studio Solution File, Format Version 12.00
# Visual Studio Version 16
VisualStudioVersion = 16.0.29215.179
MinimumVisualStudioVersion = 10.0.40219.1
Project("{FAE04EC0-301F-11D3-BF4B-00C04F79EFBC}") = "DemoProj", "DemoProj\DemoProj.csproj", "{93DBAFA2-0074-4779-B457-4B1487C51985}"
EndProject
Global
	GlobalSection(SolutionConfigurationPlatforms) = preSolution
		Debug|Any CPU = Debug|Any CPU
		Release|Any CPU = Release|Any CPU
	EndGlobalSection
	GlobalSection(ProjectConfigurationPlatforms) = postSolution
		{93DBAFA2-0074-4779-B457-4B1487C51985}.Debug|Any CPU.ActiveCfg = Debug|Any CPU
		{93DBAFA2-0074-4779-B457-4B1487C51985}.Debug|Any CPU.Build.0 = Debug|Any CPU
		{93DBAFA2-0074-4779-B457-4B1487C51985}.Release|Any CPU.ActiveCfg = Release|Any CPU
		{93DBAFA2-0074-4779-B457-4B1487C51985}.Release|Any CPU.Build.0 = Release|Any CPU
	EndGlobalSection
	GlobalSection(SolutionProperties) = preSolution
		HideSolutionNode = FALSE
	EndGlobalSection
	GlobalSection(ExtensibilityGlobals) = postSolution
		SolutionGuid = {2D26A74B-EBD3-4194-84D0-13D26240EC15}
	EndGlobalSection
EndGlobal
